
Microsoft Visual Studio Solution File, Format Version 12.00
# Visual Studio Version 17
VisualStudioVersion = 17.2.32630.192
MinimumVisualStudioVersion = 10.0.40219.1
Project("{FAE04EC0-301F-11D3-BF4B-00C04F79EFBC}") = "pjogoVelha", "pjogoVelha\pjogoVelha.csproj", "{1928BFB4-A1EE-4A5F-B73E-AC177FE9A983}"
EndProject
Global
	GlobalSection(SolutionConfigurationPlatforms) = preSolution
		Debug|Any CPU = Debug|Any CPU
		Release|Any CPU = Release|Any CPU
	EndGlobalSection
	GlobalSection(ProjectConfigurationPlatforms) = postSolution
		{1928BFB4-A1EE-4A5F-B73E-AC177FE9A983}.Debug|Any CPU.ActiveCfg = Debug|Any CPU
		{1928BFB4-A1EE-4A5F-B73E-AC177FE9A983}.Debug|Any CPU.Build.0 = Debug|Any CPU
		{1928BFB4-A1EE-4A5F-B73E-AC177FE9A983}.Release|Any CPU.ActiveCfg = Release|Any CPU
		{1928BFB4-A1EE-4A5F-B73E-AC177FE9A983}.Release|Any CPU.Build.0 = Release|Any CPU
	EndGlobalSection
	GlobalSection(SolutionProperties) = preSolution
		HideSolutionNode = FALSE
	EndGlobalSection
	GlobalSection(ExtensibilityGlobals) = postSolution
		SolutionGuid = {8B28B5FA-D75D-4E07-98E8-AD5A4DFC3661}
	EndGlobalSection
EndGlobal
